# THIS IS AN AUTOGENERATED FILE. DO NOT EDIT THIS FILE DIRECTLY.
# yarn lockfile v1


docker-compose@^0.24.2:
  version "0.24.2"
  resolved "https://registry.yarnpkg.com/docker-compose/-/docker-compose-0.24.2.tgz#172027153b6c16239d5457fe48f56c7803f42c9d"
  integrity sha512-2/WLvA7UZ6A2LDLQrYW0idKipmNBWhtfvrn2yzjC5PnHDzuFVj1zAZN6MJxVMKP0zZH8uzAK6OwVZYHGuyCmTw==
  dependencies:
    yaml "^2.2.2"

yaml@^2.2.2:
  version "2.3.2"
  resolved "https://registry.yarnpkg.com/yaml/-/yaml-2.3.2.tgz#f522db4313c671a0ca963a75670f1c12ea909144"
  integrity sha512-N/lyzTPaJasoDmfV7YTrYCI0G/3ivm/9wdG0aHuheKowWQwGTsK0Eoiw6utmzAnI6pkJa0DUVygvp3spqqEKXg==
